
Microsoft Visual Studio Solution File, Format Version 12.00
# Visual Studio Version 17
VisualStudioVersion = 17.4.33205.214
MinimumVisualStudioVersion = 10.0.40219.1
Project("{FAE04EC0-301F-11D3-BF4B-00C04F79EFBC}") = "HelloWorld", "HelloWorld\HelloWorld.csproj", "{4BF56754-85B6-4B88-8955-98D073AE2107}"
EndProject
Global
	GlobalSection(SolutionConfigurationPlatforms) = preSolution
		Debug|Any CPU = Debug|Any CPU
		Release|Any CPU = Release|Any CPU
	EndGlobalSection
	GlobalSection(ProjectConfigurationPlatforms) = postSolution
		{4BF56754-85B6-4B88-8955-98D073AE2107}.Debug|Any CPU.ActiveCfg = Debug|Any CPU
		{4BF56754-85B6-4B88-8955-98D073AE2107}.Debug|Any CPU.Build.0 = Debug|Any CPU
		{4BF56754-85B6-4B88-8955-98D073AE2107}.Release|Any CPU.ActiveCfg = Release|Any CPU
		{4BF56754-85B6-4B88-8955-98D073AE2107}.Release|Any CPU.Build.0 = Release|Any CPU
	EndGlobalSection
	GlobalSection(SolutionProperties) = preSolution
		HideSolutionNode = FALSE
	EndGlobalSection
	GlobalSection(ExtensibilityGlobals) = postSolution
		SolutionGuid = {A300045D-A053-4A02-9999-44D984938B70}
	EndGlobalSection
EndGlobal
